
Microsoft Visual Studio Solution File, Format Version 12.00
# Visual Studio Version 17
VisualStudioVersion = 17.1.32120.378
MinimumVisualStudioVersion = 10.0.40219.1
Project("{9A19103F-16F7-4668-BE54-9A1E7A4F7556}") = "ApiGateway", "ApiGateway\ApiGateway.csproj", "{9D41A7B2-44F6-4431-8125-4C6C9776525A}"
EndProject
Project("{9A19103F-16F7-4668-BE54-9A1E7A4F7556}") = "Domain", "Domain\Domain.csproj", "{7E459B92-4EB0-410E-8A6F-8BCB087E3A62}"
EndProject
Project("{9A19103F-16F7-4668-BE54-9A1E7A4F7556}") = "Infrastructure", "Infrastructure\Infrastructure.csproj", "{4362DDB2-C2BB-4327-BD93-2EE603B28686}"
EndProject
Project("{9A19103F-16F7-4668-BE54-9A1E7A4F7556}") = "Application", "BusinessLogic\Application.csproj", "{F743249C-4A74-4BFE-8774-70902E62FB62}"
EndProject
Project("{2150E333-8FDC-42A3-9474-1A3956D46DE8}") = "Tests", "Tests", "{7EEAEFDA-45B3-4B4B-8FC3-81F5FD57228F}"
EndProject
Project("{9A19103F-16F7-4668-BE54-9A1E7A4F7556}") = "Application.Tests", "Tests\Application.Tests\Application.Tests.csproj", "{48D55859-5D53-4DF4-8E99-15C0AEC82C27}"
EndProject
Project("{9A19103F-16F7-4668-BE54-9A1E7A4F7556}") = "Intrastructure.Tests", "Tests\Intrastructure.Tests\Intrastructure.Tests.csproj", "{07CAE318-322E-41A4-9B80-A76DA449839F}"
EndProject
Global
	GlobalSection(SolutionConfigurationPlatforms) = preSolution
		Debug|Any CPU = Debug|Any CPU
		Release|Any CPU = Release|Any CPU
	EndGlobalSection
	GlobalSection(ProjectConfigurationPlatforms) = postSolution
		{9D41A7B2-44F6-4431-8125-4C6C9776525A}.Debug|Any CPU.ActiveCfg = Debug|Any CPU
		{9D41A7B2-44F6-4431-8125-4C6C9776525A}.Debug|Any CPU.Build.0 = Debug|Any CPU
		{9D41A7B2-44F6-4431-8125-4C6C9776525A}.Release|Any CPU.ActiveCfg = Release|Any CPU
		{9D41A7B2-44F6-4431-8125-4C6C9776525A}.Release|Any CPU.Build.0 = Release|Any CPU
		{7E459B92-4EB0-410E-8A6F-8BCB087E3A62}.Debug|Any CPU.ActiveCfg = Debug|Any CPU
		{7E459B92-4EB0-410E-8A6F-8BCB087E3A62}.Debug|Any CPU.Build.0 = Debug|Any CPU
		{7E459B92-4EB0-410E-8A6F-8BCB087E3A62}.Release|Any CPU.ActiveCfg = Release|Any CPU
		{7E459B92-4EB0-410E-8A6F-8BCB087E3A62}.Release|Any CPU.Build.0 = Release|Any CPU
		{4362DDB2-C2BB-4327-BD93-2EE603B28686}.Debug|Any CPU.ActiveCfg = Debug|Any CPU
		{4362DDB2-C2BB-4327-BD93-2EE603B28686}.Debug|Any CPU.Build.0 = Debug|Any CPU
		{4362DDB2-C2BB-4327-BD93-2EE603B28686}.Release|Any CPU.ActiveCfg = Release|Any CPU
		{4362DDB2-C2BB-4327-BD93-2EE603B28686}.Release|Any CPU.Build.0 = Release|Any CPU
		{F743249C-4A74-4BFE-8774-70902E62FB62}.Debug|Any CPU.ActiveCfg = Debug|Any CPU
		{F743249C-4A74-4BFE-8774-70902E62FB62}.Debug|Any CPU.Build.0 = Debug|Any CPU
		{F743249C-4A74-4BFE-8774-70902E62FB62}.Release|Any CPU.ActiveCfg = Release|Any CPU
		{F743249C-4A74-4BFE-8774-70902E62FB62}.Release|Any CPU.Build.0 = Release|Any CPU
		{48D55859-5D53-4DF4-8E99-15C0AEC82C27}.Debug|Any CPU.ActiveCfg = Debug|Any CPU
		{48D55859-5D53-4DF4-8E99-15C0AEC82C27}.Debug|Any CPU.Build.0 = Debug|Any CPU
		{48D55859-5D53-4DF4-8E99-15C0AEC82C27}.Release|Any CPU.ActiveCfg = Release|Any CPU
		{48D55859-5D53-4DF4-8E99-15C0AEC82C27}.Release|Any CPU.Build.0 = Release|Any CPU
		{07CAE318-322E-41A4-9B80-A76DA449839F}.Debug|Any CPU.ActiveCfg = Debug|Any CPU
		{07CAE318-322E-41A4-9B80-A76DA449839F}.Debug|Any CPU.Build.0 = Debug|Any CPU
		{07CAE318-322E-41A4-9B80-A76DA449839F}.Release|Any CPU.ActiveCfg = Release|Any CPU
		{07CAE318-322E-41A4-9B80-A76DA449839F}.Release|Any CPU.Build.0 = Release|Any CPU
	EndGlobalSection
	GlobalSection(SolutionProperties) = preSolution
		HideSolutionNode = FALSE
	EndGlobalSection
	GlobalSection(NestedProjects) = preSolution
		{48D55859-5D53-4DF4-8E99-15C0AEC82C27} = {7EEAEFDA-45B3-4B4B-8FC3-81F5FD57228F}
		{07CAE318-322E-41A4-9B80-A76DA449839F} = {7EEAEFDA-45B3-4B4B-8FC3-81F5FD57228F}
	EndGlobalSection
	GlobalSection(ExtensibilityGlobals) = postSolution
		SolutionGuid = {4F86BBF8-B1E9-4791-8C87-F5CB5D1F74DE}
	EndGlobalSection
EndGlobal
